// !$*UTF8*$!
{
	archiveVersion = 1;
	classes = {
	};
	objectVersion = 46;
	objects = {

/* Begin PBXBuildFile section */
		221AC74E1ECC3F9900F5D8C9 /* TOPINCircleKeypadView.m in Sources */ = {isa = PBXBuildFile; fileRef = 221AC74D1ECC3F9900F5D8C9 /* TOPINCircleKeypadView.m */; };
		228F4EB51ECD6F5500D58D0B /* TOPINImage.m in Sources */ = {isa = PBXBuildFile; fileRef = 228F4EB41ECD6F5500D58D0B /* TOPINImage.m */; };
		228F4EB81ECEE22C00D58D0B /* TOPINViewContentConfiguration.m in Sources */ = {isa = PBXBuildFile; fileRef = 228F4EB71ECEE22C00D58D0B /* TOPINViewContentConfiguration.m */; };
		22F806A81ECABB3D0053C94E /* main.m in Sources */ = {isa = PBXBuildFile; fileRef = 22F806A71ECABB3D0053C94E /* main.m */; };
		22F806AB1ECABB3D0053C94E /* AppDelegate.m in Sources */ = {isa = PBXBuildFile; fileRef = 22F806AA1ECABB3D0053C94E /* AppDelegate.m */; };
		22F806AE1ECABB3D0053C94E /* ViewController.m in Sources */ = {isa = PBXBuildFile; fileRef = 22F806AD1ECABB3D0053C94E /* ViewController.m */; };
		22F806B11ECABB3D0053C94E /* Main.storyboard in Resources */ = {isa = PBXBuildFile; fileRef = 22F806AF1ECABB3D0053C94E /* Main.storyboard */; };
		22F806B31ECABB3D0053C94E /* Assets.xcassets in Resources */ = {isa = PBXBuildFile; fileRef = 22F806B21ECABB3D0053C94E /* Assets.xcassets */; };
		22F806B61ECABB3D0053C94E /* LaunchScreen.storyboard in Resources */ = {isa = PBXBuildFile; fileRef = 22F806B41ECABB3D0053C94E /* LaunchScreen.storyboard */; };
		22F806C11ECABB3D0053C94E /* TOPINViewControllerExampleTests.m in Sources */ = {isa = PBXBuildFile; fileRef = 22F806C01ECABB3D0053C94E /* TOPINViewControllerExampleTests.m */; };
		22F806CC1ECABE690053C94E /* wallpaper.jpg in Resources */ = {isa = PBXBuildFile; fileRef = 22F806CB1ECABE690053C94E /* wallpaper.jpg */; };
		22F806D01ECAC33E0053C94E /* TOPINViewController.m in Sources */ = {isa = PBXBuildFile; fileRef = 22F806CF1ECAC33E0053C94E /* TOPINViewController.m */; };
		22F806D41ECAC4CE0053C94E /* TOPINView.m in Sources */ = {isa = PBXBuildFile; fileRef = 22F806D31ECAC4CE0053C94E /* TOPINView.m */; };
		22F806DA1ECAC89E0053C94E /* TOPINCircleButton.m in Sources */ = {isa = PBXBuildFile; fileRef = 22F806D91ECAC89E0053C94E /* TOPINCircleButton.m */; };
		22F806DD1ECACDCF0053C94E /* TOPINCircleView.m in Sources */ = {isa = PBXBuildFile; fileRef = 22F806DC1ECACDCF0053C94E /* TOPINCircleView.m */; };
		22F806E31ECAD4FB0053C94E /* TOPINCircleRowView.m in Sources */ = {isa = PBXBuildFile; fileRef = 22F806E21ECAD4FB0053C94E /* TOPINCircleRowView.m */; };
		22F806E61ECAD8290053C94E /* TOPINViewControllerAnimatedTransitioning.m in Sources */ = {isa = PBXBuildFile; fileRef = 22F806E51ECAD8290053C94E /* TOPINViewControllerAnimatedTransitioning.m */; };
/* End PBXBuildFile section */

/* Begin PBXContainerItemProxy section */
		22F806BD1ECABB3D0053C94E /* PBXContainerItemProxy */ = {
			isa = PBXContainerItemProxy;
			containerPortal = 22F8069B1ECABB3D0053C94E /* Project object */;
			proxyType = 1;
			remoteGlobalIDString = 22F806A21ECABB3D0053C94E;
			remoteInfo = TOPINViewControllerExample;
		};
/* End PBXContainerItemProxy section */

/* Begin PBXFileReference section */
		221AC74C1ECC3F9900F5D8C9 /* TOPINCircleKeypadView.h */ = {isa = PBXFileReference; fileEncoding = 4; lastKnownFileType = sourcecode.c.h; path = TOPINCircleKeypadView.h; sourceTree = "<group>"; };
		221AC74D1ECC3F9900F5D8C9 /* TOPINCircleKeypadView.m */ = {isa = PBXFileReference; fileEncoding = 4; lastKnownFileType = sourcecode.c.objc; path = TOPINCircleKeypadView.m; sourceTree = "<group>"; };
		228F4EB31ECD6F5500D58D0B /* TOPINImage.h */ = {isa = PBXFileReference; fileEncoding = 4; lastKnownFileType = sourcecode.c.h; name = TOPINImage.h; path = Models/TOPINImage.h; sourceTree = "<group>"; };
		228F4EB41ECD6F5500D58D0B /* TOPINImage.m */ = {isa = PBXFileReference; fileEncoding = 4; lastKnownFileType = sourcecode.c.objc; name = TOPINImage.m; path = Models/TOPINImage.m; sourceTree = "<group>"; };
		228F4EB61ECEE22C00D58D0B /* TOPINViewContentConfiguration.h */ = {isa = PBXFileReference; fileEncoding = 4; lastKnownFileType = sourcecode.c.h; path = TOPINViewContentConfiguration.h; sourceTree = "<group>"; };
		228F4EB71ECEE22C00D58D0B /* TOPINViewContentConfiguration.m */ = {isa = PBXFileReference; fileEncoding = 4; lastKnownFileType = sourcecode.c.objc; path = TOPINViewContentConfiguration.m; sourceTree = "<group>"; };
		22F806A31ECABB3D0053C94E /* TOPINViewControllerExample.app */ = {isa = PBXFileReference; explicitFileType = wrapper.application; includeInIndex = 0; path = TOPINViewControllerExample.app; sourceTree = BUILT_PRODUCTS_DIR; };
		22F806A71ECABB3D0053C94E /* main.m */ = {isa = PBXFileReference; lastKnownFileType = sourcecode.c.objc; path = main.m; sourceTree = "<group>"; };
		22F806A91ECABB3D0053C94E /* AppDelegate.h */ = {isa = PBXFileReference; lastKnownFileType = sourcecode.c.h; path = AppDelegate.h; sourceTree = "<group>"; };
		22F806AA1ECABB3D0053C94E /* AppDelegate.m */ = {isa = PBXFileReference; lastKnownFileType = sourcecode.c.objc; path = AppDelegate.m; sourceTree = "<group>"; };
		22F806AC1ECABB3D0053C94E /* ViewController.h */ = {isa = PBXFileReference; lastKnownFileType = sourcecode.c.h; path = ViewController.h; sourceTree = "<group>"; };
		22F806AD1ECABB3D0053C94E /* ViewController.m */ = {isa = PBXFileReference; lastKnownFileType = sourcecode.c.objc; path = ViewController.m; sourceTree = "<group>"; };
		22F806B01ECABB3D0053C94E /* Base */ = {isa = PBXFileReference; lastKnownFileType = file.storyboard; name = Base; path = Base.lproj/Main.storyboard; sourceTree = "<group>"; };
		22F806B21ECABB3D0053C94E /* Assets.xcassets */ = {isa = PBXFileReference; lastKnownFileType = folder.assetcatalog; path = Assets.xcassets; sourceTree = "<group>"; };
		22F806B51ECABB3D0053C94E /* Base */ = {isa = PBXFileReference; lastKnownFileType = file.storyboard; name = Base; path = Base.lproj/LaunchScreen.storyboard; sourceTree = "<group>"; };
		22F806B71ECABB3D0053C94E /* Info.plist */ = {isa = PBXFileReference; lastKnownFileType = text.plist.xml; path = Info.plist; sourceTree = "<group>"; };
		22F806BC1ECABB3D0053C94E /* TOPINViewControllerExampleTests.xctest */ = {isa = PBXFileReference; explicitFileType = wrapper.cfbundle; includeInIndex = 0; path = TOPINViewControllerExampleTests.xctest; sourceTree = BUILT_PRODUCTS_DIR; };
		22F806C01ECABB3D0053C94E /* TOPINViewControllerExampleTests.m */ = {isa = PBXFileReference; lastKnownFileType = sourcecode.c.objc; path = TOPINViewControllerExampleTests.m; sourceTree = "<group>"; };
		22F806C21ECABB3D0053C94E /* Info.plist */ = {isa = PBXFileReference; lastKnownFileType = text.plist.xml; path = Info.plist; sourceTree = "<group>"; };
		22F806CB1ECABE690053C94E /* wallpaper.jpg */ = {isa = PBXFileReference; lastKnownFileType = image.jpeg; path = wallpaper.jpg; sourceTree = "<group>"; };
		22F806CE1ECAC33E0053C94E /* TOPINViewController.h */ = {isa = PBXFileReference; fileEncoding = 4; lastKnownFileType = sourcecode.c.h; path = TOPINViewController.h; sourceTree = "<group>"; };
		22F806CF1ECAC33E0053C94E /* TOPINViewController.m */ = {isa = PBXFileReference; fileEncoding = 4; lastKnownFileType = sourcecode.c.objc; path = TOPINViewController.m; sourceTree = "<group>"; };
		22F806D21ECAC4CE0053C94E /* TOPINView.h */ = {isa = PBXFileReference; fileEncoding = 4; lastKnownFileType = sourcecode.c.h; path = TOPINView.h; sourceTree = "<group>"; };
		22F806D31ECAC4CE0053C94E /* TOPINView.m */ = {isa = PBXFileReference; fileEncoding = 4; lastKnownFileType = sourcecode.c.objc; path = TOPINView.m; sourceTree = "<group>"; };
		22F806D81ECAC89E0053C94E /* TOPINCircleButton.h */ = {isa = PBXFileReference; fileEncoding = 4; lastKnownFileType = sourcecode.c.h; path = TOPINCircleButton.h; sourceTree = "<group>"; };
		22F806D91ECAC89E0053C94E /* TOPINCircleButton.m */ = {isa = PBXFileReference; fileEncoding = 4; lastKnownFileType = sourcecode.c.objc; path = TOPINCircleButton.m; sourceTree = "<group>"; };
		22F806DB1ECACDCF0053C94E /* TOPINCircleView.h */ = {isa = PBXFileReference; fileEncoding = 4; lastKnownFileType = sourcecode.c.h; path = TOPINCircleView.h; sourceTree = "<group>"; };
		22F806DC1ECACDCF0053C94E /* TOPINCircleView.m */ = {isa = PBXFileReference; fileEncoding = 4; lastKnownFileType = sourcecode.c.objc; path = TOPINCircleView.m; sourceTree = "<group>"; };
		22F806E01ECAD3E70053C94E /* TOPINViewControllerConstants.h */ = {isa = PBXFileReference; lastKnownFileType = sourcecode.c.h; name = TOPINViewControllerConstants.h; path = Supporting/TOPINViewControllerConstants.h; sourceTree = "<group>"; };
		22F806E11ECAD4FB0053C94E /* TOPINCircleRowView.h */ = {isa = PBXFileReference; fileEncoding = 4; lastKnownFileType = sourcecode.c.h; path = TOPINCircleRowView.h; sourceTree = "<group>"; };
		22F806E21ECAD4FB0053C94E /* TOPINCircleRowView.m */ = {isa = PBXFileReference; fileEncoding = 4; lastKnownFileType = sourcecode.c.objc; path = TOPINCircleRowView.m; sourceTree = "<group>"; };
		22F806E41ECAD8290053C94E /* TOPINViewControllerAnimatedTransitioning.h */ = {isa = PBXFileReference; fileEncoding = 4; lastKnownFileType = sourcecode.c.h; name = TOPINViewControllerAnimatedTransitioning.h; path = Models/TOPINViewControllerAnimatedTransitioning.h; sourceTree = "<group>"; };
		22F806E51ECAD8290053C94E /* TOPINViewControllerAnimatedTransitioning.m */ = {isa = PBXFileReference; fileEncoding = 4; lastKnownFileType = sourcecode.c.objc; name = TOPINViewControllerAnimatedTransitioning.m; path = Models/TOPINViewControllerAnimatedTransitioning.m; sourceTree = "<group>"; };
/* End PBXFileReference section */

/* Begin PBXFrameworksBuildPhase section */
		22F806A01ECABB3D0053C94E /* Frameworks */ = {
			isa = PBXFrameworksBuildPhase;
			buildActionMask = 2147483647;
			files = (
			);
			runOnlyForDeploymentPostprocessing = 0;
		};
		22F806B91ECABB3D0053C94E /* Frameworks */ = {
			isa = PBXFrameworksBuildPhase;
			buildActionMask = 2147483647;
			files = (
			);
			runOnlyForDeploymentPostprocessing = 0;
		};
/* End PBXFrameworksBuildPhase section */

/* Begin PBXGroup section */
		22F8069A1ECABB3D0053C94E = {
			isa = PBXGroup;
			children = (
				22F806CD1ECAC3270053C94E /* TOPINViewController */,
				22F806A51ECABB3D0053C94E /* TOPINViewControllerExample */,
				22F806BF1ECABB3D0053C94E /* TOPINViewControllerExampleTests */,
				22F806A41ECABB3D0053C94E /* Products */,
			);
			sourceTree = "<group>";
		};
		22F806A41ECABB3D0053C94E /* Products */ = {
			isa = PBXGroup;
			children = (
				22F806A31ECABB3D0053C94E /* TOPINViewControllerExample.app */,
				22F806BC1ECABB3D0053C94E /* TOPINViewControllerExampleTests.xctest */,
			);
			name = Products;
			sourceTree = "<group>";
		};
		22F806A51ECABB3D0053C94E /* TOPINViewControllerExample */ = {
			isa = PBXGroup;
			children = (
				22F806A91ECABB3D0053C94E /* AppDelegate.h */,
				22F806AA1ECABB3D0053C94E /* AppDelegate.m */,
				22F806AC1ECABB3D0053C94E /* ViewController.h */,
				22F806AD1ECABB3D0053C94E /* ViewController.m */,
				22F806CB1ECABE690053C94E /* wallpaper.jpg */,
				22F806AF1ECABB3D0053C94E /* Main.storyboard */,
				22F806B21ECABB3D0053C94E /* Assets.xcassets */,
				22F806B41ECABB3D0053C94E /* LaunchScreen.storyboard */,
				22F806B71ECABB3D0053C94E /* Info.plist */,
				22F806A61ECABB3D0053C94E /* Supporting Files */,
			);
			path = TOPINViewControllerExample;
			sourceTree = "<group>";
		};
		22F806A61ECABB3D0053C94E /* Supporting Files */ = {
			isa = PBXGroup;
			children = (
				22F806A71ECABB3D0053C94E /* main.m */,
			);
			name = "Supporting Files";
			sourceTree = "<group>";
		};
		22F806BF1ECABB3D0053C94E /* TOPINViewControllerExampleTests */ = {
			isa = PBXGroup;
			children = (
				22F806C01ECABB3D0053C94E /* TOPINViewControllerExampleTests.m */,
				22F806C21ECABB3D0053C94E /* Info.plist */,
			);
			path = TOPINViewControllerExampleTests;
			sourceTree = "<group>";
		};
		22F806CD1ECAC3270053C94E /* TOPINViewController */ = {
			isa = PBXGroup;
			children = (
				22F806CE1ECAC33E0053C94E /* TOPINViewController.h */,
				22F806CF1ECAC33E0053C94E /* TOPINViewController.m */,
				22F806E71ECAD82D0053C94E /* Models */,
				22F806D11ECAC4400053C94E /* Views */,
				22F806DF1ECAD3CB0053C94E /* Supporting */,
			);
			path = TOPINViewController;
			sourceTree = "<group>";
		};
		22F806D11ECAC4400053C94E /* Views */ = {
			isa = PBXGroup;
			children = (
				22F806D21ECAC4CE0053C94E /* TOPINView.h */,
				22F806D31ECAC4CE0053C94E /* TOPINView.m */,
				22F806D81ECAC89E0053C94E /* TOPINCircleButton.h */,
				22F806D91ECAC89E0053C94E /* TOPINCircleButton.m */,
				22F806DB1ECACDCF0053C94E /* TOPINCircleView.h */,
				22F806DC1ECACDCF0053C94E /* TOPINCircleView.m */,
				22F806E11ECAD4FB0053C94E /* TOPINCircleRowView.h */,
				22F806E21ECAD4FB0053C94E /* TOPINCircleRowView.m */,
				221AC74C1ECC3F9900F5D8C9 /* TOPINCircleKeypadView.h */,
				221AC74D1ECC3F9900F5D8C9 /* TOPINCircleKeypadView.m */,
				228F4EB61ECEE22C00D58D0B /* TOPINViewContentConfiguration.h */,
				228F4EB71ECEE22C00D58D0B /* TOPINViewContentConfiguration.m */,
			);
			path = Views;
			sourceTree = "<group>";
		};
		22F806DF1ECAD3CB0053C94E /* Supporting */ = {
			isa = PBXGroup;
			children = (
				22F806E01ECAD3E70053C94E /* TOPINViewControllerConstants.h */,
			);
			name = Supporting;
			sourceTree = "<group>";
		};
		22F806E71ECAD82D0053C94E /* Models */ = {
			isa = PBXGroup;
			children = (
				22F806E41ECAD8290053C94E /* TOPINViewControllerAnimatedTransitioning.h */,
				22F806E51ECAD8290053C94E /* TOPINViewControllerAnimatedTransitioning.m */,
				228F4EB31ECD6F5500D58D0B /* TOPINImage.h */,
				228F4EB41ECD6F5500D58D0B /* TOPINImage.m */,
			);
			name = Models;
			sourceTree = "<group>";
		};
/* End PBXGroup section */

/* Begin PBXNativeTarget section */
		22F806A21ECABB3D0053C94E /* TOPINViewControllerExample */ = {
			isa = PBXNativeTarget;
			buildConfigurationList = 22F806C51ECABB3D0053C94E /* Build configuration list for PBXNativeTarget "TOPINViewControllerExample" */;
			buildPhases = (
				22F8069F1ECABB3D0053C94E /* Sources */,
				22F806A01ECABB3D0053C94E /* Frameworks */,
				22F806A11ECABB3D0053C94E /* Resources */,
			);
			buildRules = (
			);
			dependencies = (
			);
			name = TOPINViewControllerExample;
			productName = TOPINViewControllerExample;
			productReference = 22F806A31ECABB3D0053C94E /* TOPINViewControllerExample.app */;
			productType = "com.apple.product-type.application";
		};
		22F806BB1ECABB3D0053C94E /* TOPINViewControllerExampleTests */ = {
			isa = PBXNativeTarget;
			buildConfigurationList = 22F806C81ECABB3D0053C94E /* Build configuration list for PBXNativeTarget "TOPINViewControllerExampleTests" */;
			buildPhases = (
				22F806B81ECABB3D0053C94E /* Sources */,
				22F806B91ECABB3D0053C94E /* Frameworks */,
				22F806BA1ECABB3D0053C94E /* Resources */,
			);
			buildRules = (
			);
			dependencies = (
				22F806BE1ECABB3D0053C94E /* PBXTargetDependency */,
			);
			name = TOPINViewControllerExampleTests;
			productName = TOPINViewControllerExampleTests;
			productReference = 22F806BC1ECABB3D0053C94E /* TOPINViewControllerExampleTests.xctest */;
			productType = "com.apple.product-type.bundle.unit-test";
		};
/* End PBXNativeTarget section */

/* Begin PBXProject section */
		22F8069B1ECABB3D0053C94E /* Project object */ = {
			isa = PBXProject;
			attributes = {
				LastUpgradeCheck = 0830;
				ORGANIZATIONNAME = "Timothy Oliver";
				TargetAttributes = {
					22F806A21ECABB3D0053C94E = {
						CreatedOnToolsVersion = 8.3.2;
						DevelopmentTeam = 6LF3GMKZAB;
						ProvisioningStyle = Automatic;
					};
					22F806BB1ECABB3D0053C94E = {
						CreatedOnToolsVersion = 8.3.2;
						DevelopmentTeam = 6LF3GMKZAB;
						ProvisioningStyle = Automatic;
						TestTargetID = 22F806A21ECABB3D0053C94E;
					};
				};
			};
			buildConfigurationList = 22F8069E1ECABB3D0053C94E /* Build configuration list for PBXProject "TOPINViewControllerExample" */;
			compatibilityVersion = "Xcode 3.2";
			developmentRegion = English;
			hasScannedForEncodings = 0;
			knownRegions = (
				en,
				Base,
			);
			mainGroup = 22F8069A1ECABB3D0053C94E;
			productRefGroup = 22F806A41ECABB3D0053C94E /* Products */;
			projectDirPath = "";
			projectRoot = "";
			targets = (
				22F806A21ECABB3D0053C94E /* TOPINViewControllerExample */,
				22F806BB1ECABB3D0053C94E /* TOPINViewControllerExampleTests */,
			);
		};
/* End PBXProject section */

/* Begin PBXResourcesBuildPhase section */
		22F806A11ECABB3D0053C94E /* Resources */ = {
			isa = PBXResourcesBuildPhase;
			buildActionMask = 2147483647;
			files = (
				22F806CC1ECABE690053C94E /* wallpaper.jpg in Resources */,
				22F806B61ECABB3D0053C94E /* LaunchScreen.storyboard in Resources */,
				22F806B31ECABB3D0053C94E /* Assets.xcassets in Resources */,
				22F806B11ECABB3D0053C94E /* Main.storyboard in Resources */,
			);
			runOnlyForDeploymentPostprocessing = 0;
		};
		22F806BA1ECABB3D0053C94E /* Resources */ = {
			isa = PBXResourcesBuildPhase;
			buildActionMask = 2147483647;
			files = (
			);
			runOnlyForDeploymentPostprocessing = 0;
		};
/* End PBXResourcesBuildPhase section */

/* Begin PBXSourcesBuildPhase section */
		22F8069F1ECABB3D0053C94E /* Sources */ = {
			isa = PBXSourcesBuildPhase;
			buildActionMask = 2147483647;
			files = (
				22F806DA1ECAC89E0053C94E /* TOPINCircleButton.m in Sources */,
				22F806AE1ECABB3D0053C94E /* ViewController.m in Sources */,
				228F4EB81ECEE22C00D58D0B /* TOPINViewContentConfiguration.m in Sources */,
				22F806D01ECAC33E0053C94E /* TOPINViewController.m in Sources */,
				22F806AB1ECABB3D0053C94E /* AppDelegate.m in Sources */,
				228F4EB51ECD6F5500D58D0B /* TOPINImage.m in Sources */,
				22F806E61ECAD8290053C94E /* TOPINViewControllerAnimatedTransitioning.m in Sources */,
				22F806DD1ECACDCF0053C94E /* TOPINCircleView.m in Sources */,
				22F806A81ECABB3D0053C94E /* main.m in Sources */,
				22F806E31ECAD4FB0053C94E /* TOPINCircleRowView.m in Sources */,
				22F806D41ECAC4CE0053C94E /* TOPINView.m in Sources */,
				221AC74E1ECC3F9900F5D8C9 /* TOPINCircleKeypadView.m in Sources */,
			);
			runOnlyForDeploymentPostprocessing = 0;
		};
		22F806B81ECABB3D0053C94E /* Sources */ = {
			isa = PBXSourcesBuildPhase;
			buildActionMask = 2147483647;
			files = (
				22F806C11ECABB3D0053C94E /* TOPINViewControllerExampleTests.m in Sources */,
			);
			runOnlyForDeploymentPostprocessing = 0;
		};
/* End PBXSourcesBuildPhase section */

/* Begin PBXTargetDependency section */
		22F806BE1ECABB3D0053C94E /* PBXTargetDependency */ = {
			isa = PBXTargetDependency;
			target = 22F806A21ECABB3D0053C94E /* TOPINViewControllerExample */;
			targetProxy = 22F806BD1ECABB3D0053C94E /* PBXContainerItemProxy */;
		};
/* End PBXTargetDependency section */

/* Begin PBXVariantGroup section */
		22F806AF1ECABB3D0053C94E /* Main.storyboard */ = {
			isa = PBXVariantGroup;
			children = (
				22F806B01ECABB3D0053C94E /* Base */,
			);
			name = Main.storyboard;
			sourceTree = "<group>";
		};
		22F806B41ECABB3D0053C94E /* LaunchScreen.storyboard */ = {
			isa = PBXVariantGroup;
			children = (
				22F806B51ECABB3D0053C94E /* Base */,
			);
			name = LaunchScreen.storyboard;
			sourceTree = "<group>";
		};
/* End PBXVariantGroup section */

/* Begin XCBuildConfiguration section */
		22F806C31ECABB3D0053C94E /* Debug */ = {
			isa = XCBuildConfiguration;
			buildSettings = {
				ALWAYS_SEARCH_USER_PATHS = NO;
				CLANG_ANALYZER_NONNULL = YES;
				CLANG_ANALYZER_NUMBER_OBJECT_CONVERSION = YES_AGGRESSIVE;
				CLANG_CXX_LANGUAGE_STANDARD = "gnu++0x";
				CLANG_CXX_LIBRARY = "libc++";
				CLANG_ENABLE_MODULES = YES;
				CLANG_ENABLE_OBJC_ARC = YES;
				CLANG_WARN_BOOL_CONVERSION = YES;
				CLANG_WARN_CONSTANT_CONVERSION = YES;
				CLANG_WARN_DIRECT_OBJC_ISA_USAGE = YES_ERROR;
				CLANG_WARN_DOCUMENTATION_COMMENTS = YES;
				CLANG_WARN_EMPTY_BODY = YES;
				CLANG_WARN_ENUM_CONVERSION = YES;
				CLANG_WARN_INFINITE_RECURSION = YES;
				CLANG_WARN_INT_CONVERSION = YES;
				CLANG_WARN_OBJC_ROOT_CLASS = YES_ERROR;
				CLANG_WARN_SUSPICIOUS_MOVE = YES;
				CLANG_WARN_UNREACHABLE_CODE = YES;
				CLANG_WARN__DUPLICATE_METHOD_MATCH = YES;
				"CODE_SIGN_IDENTITY[sdk=iphoneos*]" = "iPhone Developer";
				COPY_PHASE_STRIP = NO;
				DEBUG_INFORMATION_FORMAT = dwarf;
				ENABLE_STRICT_OBJC_MSGSEND = YES;
				ENABLE_TESTABILITY = YES;
				GCC_C_LANGUAGE_STANDARD = gnu99;
				GCC_DYNAMIC_NO_PIC = NO;
				GCC_NO_COMMON_BLOCKS = YES;
				GCC_OPTIMIZATION_LEVEL = 0;
				GCC_PREPROCESSOR_DEFINITIONS = (
					"DEBUG=1",
					"$(inherited)",
				);
				GCC_WARN_64_TO_32_BIT_CONVERSION = YES;
				GCC_WARN_ABOUT_RETURN_TYPE = YES_ERROR;
				GCC_WARN_UNDECLARED_SELECTOR = YES;
				GCC_WARN_UNINITIALIZED_AUTOS = YES_AGGRESSIVE;
				GCC_WARN_UNUSED_FUNCTION = YES;
				GCC_WARN_UNUSED_VARIABLE = YES;
				IPHONEOS_DEPLOYMENT_TARGET = 10.3;
				MTL_ENABLE_DEBUG_INFO = YES;
				ONLY_ACTIVE_ARCH = YES;
				SDKROOT = iphoneos;
				TARGETED_DEVICE_FAMILY = "1,2";
			};
			name = Debug;
		};
		22F806C41ECABB3D0053C94E /* Release */ = {
			isa = XCBuildConfiguration;
			buildSettings = {
				ALWAYS_SEARCH_USER_PATHS = NO;
				CLANG_ANALYZER_NONNULL = YES;
				CLANG_ANALYZER_NUMBER_OBJECT_CONVERSION = YES_AGGRESSIVE;
				CLANG_CXX_LANGUAGE_STANDARD = "gnu++0x";
				CLANG_CXX_LIBRARY = "libc++";
				CLANG_ENABLE_MODULES = YES;
				CLANG_ENABLE_OBJC_ARC = YES;
				CLANG_WARN_BOOL_CONVERSION = YES;
				CLANG_WARN_CONSTANT_CONVERSION = YES;
				CLANG_WARN_DIRECT_OBJC_ISA_USAGE = YES_ERROR;
				CLANG_WARN_DOCUMENTATION_COMMENTS = YES;
				CLANG_WARN_EMPTY_BODY = YES;
				CLANG_WARN_ENUM_CONVERSION = YES;
				CLANG_WARN_INFINITE_RECURSION = YES;
				CLANG_WARN_INT_CONVERSION = YES;
				CLANG_WARN_OBJC_ROOT_CLASS = YES_ERROR;
				CLANG_WARN_SUSPICIOUS_MOVE = YES;
				CLANG_WARN_UNREACHABLE_CODE = YES;
				CLANG_WARN__DUPLICATE_METHOD_MATCH = YES;
				"CODE_SIGN_IDENTITY[sdk=iphoneos*]" = "iPhone Developer";
				COPY_PHASE_STRIP = NO;
				DEBUG_INFORMATION_FORMAT = "dwarf-with-dsym";
				ENABLE_NS_ASSERTIONS = NO;
				ENABLE_STRICT_OBJC_MSGSEND = YES;
				GCC_C_LANGUAGE_STANDARD = gnu99;
				GCC_NO_COMMON_BLOCKS = YES;
				GCC_WARN_64_TO_32_BIT_CONVERSION = YES;
				GCC_WARN_ABOUT_RETURN_TYPE = YES_ERROR;
				GCC_WARN_UNDECLARED_SELECTOR = YES;
				GCC_WARN_UNINITIALIZED_AUTOS = YES_AGGRESSIVE;
				GCC_WARN_UNUSED_FUNCTION = YES;
				GCC_WARN_UNUSED_VARIABLE = YES;
				IPHONEOS_DEPLOYMENT_TARGET = 10.3;
				MTL_ENABLE_DEBUG_INFO = NO;
				SDKROOT = iphoneos;
				TARGETED_DEVICE_FAMILY = "1,2";
				VALIDATE_PRODUCT = YES;
			};
			name = Release;
		};
		22F806C61ECABB3D0053C94E /* Debug */ = {
			isa = XCBuildConfiguration;
			buildSettings = {
				ASSETCATALOG_COMPILER_APPICON_NAME = AppIcon;
				DEVELOPMENT_TEAM = 6LF3GMKZAB;
				INFOPLIST_FILE = TOPINViewControllerExample/Info.plist;
				IPHONEOS_DEPLOYMENT_TARGET = 9.0;
				LD_RUNPATH_SEARCH_PATHS = "$(inherited) @executable_path/Frameworks";
				PRODUCT_BUNDLE_IDENTIFIER = co.timoliver.TOPINViewControllerExample;
				PRODUCT_NAME = "$(TARGET_NAME)";
				TARGETED_DEVICE_FAMILY = "1,2";
			};
			name = Debug;
		};
		22F806C71ECABB3D0053C94E /* Release */ = {
			isa = XCBuildConfiguration;
			buildSettings = {
				ASSETCATALOG_COMPILER_APPICON_NAME = AppIcon;
				DEVELOPMENT_TEAM = 6LF3GMKZAB;
				INFOPLIST_FILE = TOPINViewControllerExample/Info.plist;
				IPHONEOS_DEPLOYMENT_TARGET = 9.0;
				LD_RUNPATH_SEARCH_PATHS = "$(inherited) @executable_path/Frameworks";
				PRODUCT_BUNDLE_IDENTIFIER = co.timoliver.TOPINViewControllerExample;
				PRODUCT_NAME = "$(TARGET_NAME)";
				TARGETED_DEVICE_FAMILY = "1,2";
			};
			name = Release;
		};
		22F806C91ECABB3D0053C94E /* Debug */ = {
			isa = XCBuildConfiguration;
			buildSettings = {
				BUNDLE_LOADER = "$(TEST_HOST)";
				DEVELOPMENT_TEAM = 6LF3GMKZAB;
				INFOPLIST_FILE = TOPINViewControllerExampleTests/Info.plist;
				LD_RUNPATH_SEARCH_PATHS = "$(inherited) @executable_path/Frameworks @loader_path/Frameworks";
				PRODUCT_BUNDLE_IDENTIFIER = co.timoliver.TOPINViewControllerExampleTests;
				PRODUCT_NAME = "$(TARGET_NAME)";
				TEST_HOST = "$(BUILT_PRODUCTS_DIR)/TOPINViewControllerExample.app/TOPINViewControllerExample";
			};
			name = Debug;
		};
		22F806CA1ECABB3D0053C94E /* Release */ = {
			isa = XCBuildConfiguration;
			buildSettings = {
				BUNDLE_LOADER = "$(TEST_HOST)";
				DEVELOPMENT_TEAM = 6LF3GMKZAB;
				INFOPLIST_FILE = TOPINViewControllerExampleTests/Info.plist;
				LD_RUNPATH_SEARCH_PATHS = "$(inherited) @executable_path/Frameworks @loader_path/Frameworks";
				PRODUCT_BUNDLE_IDENTIFIER = co.timoliver.TOPINViewControllerExampleTests;
				PRODUCT_NAME = "$(TARGET_NAME)";
				TEST_HOST = "$(BUILT_PRODUCTS_DIR)/TOPINViewControllerExample.app/TOPINViewControllerExample";
			};
			name = Release;
		};
/* End XCBuildConfiguration section */

/* Begin XCConfigurationList section */
		22F8069E1ECABB3D0053C94E /* Build configuration list for PBXProject "TOPINViewControllerExample" */ = {
			isa = XCConfigurationList;
			buildConfigurations = (
				22F806C31ECABB3D0053C94E /* Debug */,
				22F806C41ECABB3D0053C94E /* Release */,
			);
			defaultConfigurationIsVisible = 0;
			defaultConfigurationName = Release;
		};
		22F806C51ECABB3D0053C94E /* Build configuration list for PBXNativeTarget "TOPINViewControllerExample" */ = {
			isa = XCConfigurationList;
			buildConfigurations = (
				22F806C61ECABB3D0053C94E /* Debug */,
				22F806C71ECABB3D0053C94E /* Release */,
			);
			defaultConfigurationIsVisible = 0;
			defaultConfigurationName = Release;
		};
		22F806C81ECABB3D0053C94E /* Build configuration list for PBXNativeTarget "TOPINViewControllerExampleTests" */ = {
			isa = XCConfigurationList;
			buildConfigurations = (
				22F806C91ECABB3D0053C94E /* Debug */,
				22F806CA1ECABB3D0053C94E /* Release */,
			);
			defaultConfigurationIsVisible = 0;
			defaultConfigurationName = Release;
		};
/* End XCConfigurationList section */
	};
	rootObject = 22F8069B1ECABB3D0053C94E /* Project object */;
}
